
Microsoft Visual Studio Solution File, Format Version 12.00
# Visual Studio Version 17
VisualStudioVersion = 17.0.31423.177
MinimumVisualStudioVersion = 10.0.40219.1
Project("{C7167F0D-BC9F-4E6E-AFE1-012C56B48DB5}") = "WinRepoSearch (Package)", "WinRepoSearch (Package)\WinRepoSearch (Package).wapproj", "{5837DAD3-16D2-4FDF-9973-E66484400A4B}"
EndProject
Project("{9A19103F-16F7-4668-BE54-9A1E7A4F7556}") = "WinRepoSearch", "WinRepoSearch\WinRepoSearch.csproj", "{D4BAFF47-5A5A-4051-BC61-980B0D20D64D}"
EndProject
Project("{9A19103F-16F7-4668-BE54-9A1E7A4F7556}") = "WinRepoSearch.Core", "WinRepoSearch.Core\WinRepoSearch.Core.csproj", "{E0E9728A-4883-48DE-8615-EE173C0D80E4}"
EndProject
Project("{9A19103F-16F7-4668-BE54-9A1E7A4F7556}") = "WinRepoConsole", "WinRepoConsole\WinRepoConsole.csproj", "{6CE9AF37-3C0C-451A-9635-40B9E055F031}"
EndProject
Project("{9A19103F-16F7-4668-BE54-9A1E7A4F7556}") = "WinRepo.PowerShell", "WinRepo.PowerShell\WinRepo.PowerShell.csproj", "{54A6A397-5740-4F6D-8322-9BF6A157B11E}"
EndProject
Project("{2150E333-8FDC-42A3-9474-1A3956D46DE8}") = "Solution Items", "Solution Items", "{6DACEBAB-FC4B-49ED-BD1E-C6F5FCEA24BD}"
	ProjectSection(SolutionItems) = preProject
		.editorconfig = .editorconfig
	EndProjectSection
EndProject
Project("{9A19103F-16F7-4668-BE54-9A1E7A4F7556}") = "WinRepo.Wpf", "WinRepo.Wpf\WinRepo.Wpf.csproj", "{BD3DBFFD-D4BF-42CB-AEB4-BF886B2F0299}"
EndProject
Project("{9A19103F-16F7-4668-BE54-9A1E7A4F7556}") = "GPS.Postgresql.pg_ctl", "..\..\postresql\GPS.Postgresql\src\GPS.Postgresql.pg_ctl\GPS.Postgresql.pg_ctl.csproj", "{2089D783-B001-4296-BF1E-285C0591118C}"
EndProject
Global
	GlobalSection(SolutionConfigurationPlatforms) = preSolution
		Debug|Any CPU = Debug|Any CPU
		Debug|x64 = Debug|x64
		Debug|x86 = Debug|x86
		postgresql|Any CPU = postgresql|Any CPU
		postgresql|x64 = postgresql|x64
		postgresql|x86 = postgresql|x86
		Release|Any CPU = Release|Any CPU
		Release|x64 = Release|x64
		Release|x86 = Release|x86
	EndGlobalSection
	GlobalSection(ProjectConfigurationPlatforms) = postSolution
		{5837DAD3-16D2-4FDF-9973-E66484400A4B}.Debug|Any CPU.ActiveCfg = Debug|x64
		{5837DAD3-16D2-4FDF-9973-E66484400A4B}.Debug|Any CPU.Build.0 = Debug|x64
		{5837DAD3-16D2-4FDF-9973-E66484400A4B}.Debug|Any CPU.Deploy.0 = Debug|x64
		{5837DAD3-16D2-4FDF-9973-E66484400A4B}.Debug|x64.ActiveCfg = Debug|x64
		{5837DAD3-16D2-4FDF-9973-E66484400A4B}.Debug|x64.Build.0 = Debug|x64
		{5837DAD3-16D2-4FDF-9973-E66484400A4B}.Debug|x64.Deploy.0 = Debug|x64
		{5837DAD3-16D2-4FDF-9973-E66484400A4B}.Debug|x86.ActiveCfg = Debug|x86
		{5837DAD3-16D2-4FDF-9973-E66484400A4B}.postgresql|Any CPU.ActiveCfg = postgresql|x86
		{5837DAD3-16D2-4FDF-9973-E66484400A4B}.postgresql|x64.ActiveCfg = postgresql|x64
		{5837DAD3-16D2-4FDF-9973-E66484400A4B}.postgresql|x64.Build.0 = postgresql|x64
		{5837DAD3-16D2-4FDF-9973-E66484400A4B}.postgresql|x64.Deploy.0 = postgresql|x64
		{5837DAD3-16D2-4FDF-9973-E66484400A4B}.postgresql|x86.ActiveCfg = postgresql|x86
		{5837DAD3-16D2-4FDF-9973-E66484400A4B}.postgresql|x86.Build.0 = postgresql|x86
		{5837DAD3-16D2-4FDF-9973-E66484400A4B}.postgresql|x86.Deploy.0 = postgresql|x86
		{5837DAD3-16D2-4FDF-9973-E66484400A4B}.Release|Any CPU.ActiveCfg = Release|x64
		{5837DAD3-16D2-4FDF-9973-E66484400A4B}.Release|Any CPU.Build.0 = Release|x64
		{5837DAD3-16D2-4FDF-9973-E66484400A4B}.Release|Any CPU.Deploy.0 = Release|x64
		{5837DAD3-16D2-4FDF-9973-E66484400A4B}.Release|x64.ActiveCfg = Release|x64
		{5837DAD3-16D2-4FDF-9973-E66484400A4B}.Release|x86.ActiveCfg = Release|x86
		{D4BAFF47-5A5A-4051-BC61-980B0D20D64D}.Debug|Any CPU.ActiveCfg = Debug|x64
		{D4BAFF47-5A5A-4051-BC61-980B0D20D64D}.Debug|Any CPU.Build.0 = Debug|x64
		{D4BAFF47-5A5A-4051-BC61-980B0D20D64D}.Debug|x64.ActiveCfg = Debug|x64
		{D4BAFF47-5A5A-4051-BC61-980B0D20D64D}.Debug|x64.Build.0 = Debug|x64
		{D4BAFF47-5A5A-4051-BC61-980B0D20D64D}.Debug|x86.ActiveCfg = Debug|x86
		{D4BAFF47-5A5A-4051-BC61-980B0D20D64D}.postgresql|Any CPU.ActiveCfg = postgresql|x86
		{D4BAFF47-5A5A-4051-BC61-980B0D20D64D}.postgresql|x64.ActiveCfg = postgresql|x64
		{D4BAFF47-5A5A-4051-BC61-980B0D20D64D}.postgresql|x64.Build.0 = postgresql|x64
		{D4BAFF47-5A5A-4051-BC61-980B0D20D64D}.postgresql|x86.ActiveCfg = postgresql|x86
		{D4BAFF47-5A5A-4051-BC61-980B0D20D64D}.postgresql|x86.Build.0 = postgresql|x86
		{D4BAFF47-5A5A-4051-BC61-980B0D20D64D}.Release|Any CPU.ActiveCfg = Release|x64
		{D4BAFF47-5A5A-4051-BC61-980B0D20D64D}.Release|Any CPU.Build.0 = Release|x64
		{D4BAFF47-5A5A-4051-BC61-980B0D20D64D}.Release|x64.ActiveCfg = Release|x64
		{D4BAFF47-5A5A-4051-BC61-980B0D20D64D}.Release|x86.ActiveCfg = Release|x86
		{E0E9728A-4883-48DE-8615-EE173C0D80E4}.Debug|Any CPU.ActiveCfg = Debug|x64
		{E0E9728A-4883-48DE-8615-EE173C0D80E4}.Debug|Any CPU.Build.0 = Debug|x64
		{E0E9728A-4883-48DE-8615-EE173C0D80E4}.Debug|x64.ActiveCfg = Debug|x64
		{E0E9728A-4883-48DE-8615-EE173C0D80E4}.Debug|x64.Build.0 = Debug|x64
		{E0E9728A-4883-48DE-8615-EE173C0D80E4}.Debug|x86.ActiveCfg = Debug|x86
		{E0E9728A-4883-48DE-8615-EE173C0D80E4}.Debug|x86.Build.0 = Debug|x86
		{E0E9728A-4883-48DE-8615-EE173C0D80E4}.postgresql|Any CPU.ActiveCfg = postgresql|Any CPU
		{E0E9728A-4883-48DE-8615-EE173C0D80E4}.postgresql|x64.ActiveCfg = postgresql|x64
		{E0E9728A-4883-48DE-8615-EE173C0D80E4}.postgresql|x64.Build.0 = postgresql|x64
		{E0E9728A-4883-48DE-8615-EE173C0D80E4}.postgresql|x86.ActiveCfg = postgresql|x86
		{E0E9728A-4883-48DE-8615-EE173C0D80E4}.postgresql|x86.Build.0 = postgresql|x86
		{E0E9728A-4883-48DE-8615-EE173C0D80E4}.Release|Any CPU.ActiveCfg = Release|x64
		{E0E9728A-4883-48DE-8615-EE173C0D80E4}.Release|Any CPU.Build.0 = Release|x64
		{E0E9728A-4883-48DE-8615-EE173C0D80E4}.Release|x64.ActiveCfg = Release|x64
		{E0E9728A-4883-48DE-8615-EE173C0D80E4}.Release|x64.Build.0 = Release|x64
		{E0E9728A-4883-48DE-8615-EE173C0D80E4}.Release|x86.ActiveCfg = Release|x86
		{E0E9728A-4883-48DE-8615-EE173C0D80E4}.Release|x86.Build.0 = Release|x86
		{6CE9AF37-3C0C-451A-9635-40B9E055F031}.Debug|Any CPU.ActiveCfg = Debug|Any CPU
		{6CE9AF37-3C0C-451A-9635-40B9E055F031}.Debug|Any CPU.Build.0 = Debug|Any CPU
		{6CE9AF37-3C0C-451A-9635-40B9E055F031}.Debug|x64.ActiveCfg = Debug|Any CPU
		{6CE9AF37-3C0C-451A-9635-40B9E055F031}.Debug|x64.Build.0 = Debug|Any CPU
		{6CE9AF37-3C0C-451A-9635-40B9E055F031}.Debug|x86.ActiveCfg = Debug|Any CPU
		{6CE9AF37-3C0C-451A-9635-40B9E055F031}.postgresql|Any CPU.ActiveCfg = postgresql|Any CPU
		{6CE9AF37-3C0C-451A-9635-40B9E055F031}.postgresql|x64.ActiveCfg = postgresql|Any CPU
		{6CE9AF37-3C0C-451A-9635-40B9E055F031}.postgresql|x64.Build.0 = postgresql|Any CPU
		{6CE9AF37-3C0C-451A-9635-40B9E055F031}.postgresql|x86.ActiveCfg = postgresql|Any CPU
		{6CE9AF37-3C0C-451A-9635-40B9E055F031}.postgresql|x86.Build.0 = postgresql|Any CPU
		{6CE9AF37-3C0C-451A-9635-40B9E055F031}.Release|Any CPU.ActiveCfg = Release|Any CPU
		{6CE9AF37-3C0C-451A-9635-40B9E055F031}.Release|Any CPU.Build.0 = Release|Any CPU
		{6CE9AF37-3C0C-451A-9635-40B9E055F031}.Release|x64.ActiveCfg = Release|Any CPU
		{6CE9AF37-3C0C-451A-9635-40B9E055F031}.Release|x86.ActiveCfg = Release|Any CPU
		{54A6A397-5740-4F6D-8322-9BF6A157B11E}.Debug|Any CPU.ActiveCfg = Debug|Any CPU
		{54A6A397-5740-4F6D-8322-9BF6A157B11E}.Debug|Any CPU.Build.0 = Debug|Any CPU
		{54A6A397-5740-4F6D-8322-9BF6A157B11E}.Debug|x64.ActiveCfg = Debug|Any CPU
		{54A6A397-5740-4F6D-8322-9BF6A157B11E}.Debug|x64.Build.0 = Debug|Any CPU
		{54A6A397-5740-4F6D-8322-9BF6A157B11E}.Debug|x86.ActiveCfg = Debug|Any CPU
		{54A6A397-5740-4F6D-8322-9BF6A157B11E}.Debug|x86.Build.0 = Debug|Any CPU
		{54A6A397-5740-4F6D-8322-9BF6A157B11E}.postgresql|Any CPU.ActiveCfg = postgresql|Any CPU
		{54A6A397-5740-4F6D-8322-9BF6A157B11E}.postgresql|x64.ActiveCfg = postgresql|Any CPU
		{54A6A397-5740-4F6D-8322-9BF6A157B11E}.postgresql|x64.Build.0 = postgresql|Any CPU
		{54A6A397-5740-4F6D-8322-9BF6A157B11E}.postgresql|x86.ActiveCfg = postgresql|Any CPU
		{54A6A397-5740-4F6D-8322-9BF6A157B11E}.postgresql|x86.Build.0 = postgresql|Any CPU
		{54A6A397-5740-4F6D-8322-9BF6A157B11E}.Release|Any CPU.ActiveCfg = Release|Any CPU
		{54A6A397-5740-4F6D-8322-9BF6A157B11E}.Release|Any CPU.Build.0 = Release|Any CPU
		{54A6A397-5740-4F6D-8322-9BF6A157B11E}.Release|x64.ActiveCfg = Release|Any CPU
		{54A6A397-5740-4F6D-8322-9BF6A157B11E}.Release|x64.Build.0 = Release|Any CPU
		{54A6A397-5740-4F6D-8322-9BF6A157B11E}.Release|x86.ActiveCfg = Release|Any CPU
		{54A6A397-5740-4F6D-8322-9BF6A157B11E}.Release|x86.Build.0 = Release|Any CPU
		{BD3DBFFD-D4BF-42CB-AEB4-BF886B2F0299}.Debug|Any CPU.ActiveCfg = Debug|Any CPU
		{BD3DBFFD-D4BF-42CB-AEB4-BF886B2F0299}.Debug|Any CPU.Build.0 = Debug|Any CPU
		{BD3DBFFD-D4BF-42CB-AEB4-BF886B2F0299}.Debug|x64.ActiveCfg = Debug|Any CPU
		{BD3DBFFD-D4BF-42CB-AEB4-BF886B2F0299}.Debug|x64.Build.0 = Debug|Any CPU
		{BD3DBFFD-D4BF-42CB-AEB4-BF886B2F0299}.Debug|x86.ActiveCfg = Debug|Any CPU
		{BD3DBFFD-D4BF-42CB-AEB4-BF886B2F0299}.Debug|x86.Build.0 = Debug|Any CPU
		{BD3DBFFD-D4BF-42CB-AEB4-BF886B2F0299}.postgresql|Any CPU.ActiveCfg = postgresql|Any CPU
		{BD3DBFFD-D4BF-42CB-AEB4-BF886B2F0299}.postgresql|x64.ActiveCfg = postgresql|Any CPU
		{BD3DBFFD-D4BF-42CB-AEB4-BF886B2F0299}.postgresql|x64.Build.0 = postgresql|Any CPU
		{BD3DBFFD-D4BF-42CB-AEB4-BF886B2F0299}.postgresql|x86.ActiveCfg = postgresql|Any CPU
		{BD3DBFFD-D4BF-42CB-AEB4-BF886B2F0299}.postgresql|x86.Build.0 = postgresql|Any CPU
		{BD3DBFFD-D4BF-42CB-AEB4-BF886B2F0299}.Release|Any CPU.ActiveCfg = Release|Any CPU
		{BD3DBFFD-D4BF-42CB-AEB4-BF886B2F0299}.Release|Any CPU.Build.0 = Release|Any CPU
		{BD3DBFFD-D4BF-42CB-AEB4-BF886B2F0299}.Release|x64.ActiveCfg = Release|Any CPU
		{BD3DBFFD-D4BF-42CB-AEB4-BF886B2F0299}.Release|x64.Build.0 = Release|Any CPU
		{BD3DBFFD-D4BF-42CB-AEB4-BF886B2F0299}.Release|x86.ActiveCfg = Release|Any CPU
		{BD3DBFFD-D4BF-42CB-AEB4-BF886B2F0299}.Release|x86.Build.0 = Release|Any CPU
		{2089D783-B001-4296-BF1E-285C0591118C}.Debug|Any CPU.ActiveCfg = Debug|Any CPU
		{2089D783-B001-4296-BF1E-285C0591118C}.Debug|Any CPU.Build.0 = Debug|Any CPU
		{2089D783-B001-4296-BF1E-285C0591118C}.Debug|x64.ActiveCfg = Debug|Any CPU
		{2089D783-B001-4296-BF1E-285C0591118C}.Debug|x64.Build.0 = Debug|Any CPU
		{2089D783-B001-4296-BF1E-285C0591118C}.Debug|x86.ActiveCfg = Debug|Any CPU
		{2089D783-B001-4296-BF1E-285C0591118C}.Debug|x86.Build.0 = Debug|Any CPU
		{2089D783-B001-4296-BF1E-285C0591118C}.postgresql|Any CPU.ActiveCfg = postgresql|Any CPU
		{2089D783-B001-4296-BF1E-285C0591118C}.postgresql|Any CPU.Build.0 = postgresql|Any CPU
		{2089D783-B001-4296-BF1E-285C0591118C}.postgresql|x64.ActiveCfg = postgresql|Any CPU
		{2089D783-B001-4296-BF1E-285C0591118C}.postgresql|x64.Build.0 = postgresql|Any CPU
		{2089D783-B001-4296-BF1E-285C0591118C}.postgresql|x86.ActiveCfg = postgresql|Any CPU
		{2089D783-B001-4296-BF1E-285C0591118C}.postgresql|x86.Build.0 = postgresql|Any CPU
		{2089D783-B001-4296-BF1E-285C0591118C}.Release|Any CPU.ActiveCfg = Release|Any CPU
		{2089D783-B001-4296-BF1E-285C0591118C}.Release|Any CPU.Build.0 = Release|Any CPU
		{2089D783-B001-4296-BF1E-285C0591118C}.Release|x64.ActiveCfg = Release|Any CPU
		{2089D783-B001-4296-BF1E-285C0591118C}.Release|x64.Build.0 = Release|Any CPU
		{2089D783-B001-4296-BF1E-285C0591118C}.Release|x86.ActiveCfg = Release|Any CPU
		{2089D783-B001-4296-BF1E-285C0591118C}.Release|x86.Build.0 = Release|Any CPU
	EndGlobalSection
	GlobalSection(SolutionProperties) = preSolution
		HideSolutionNode = FALSE
	EndGlobalSection
	GlobalSection(ExtensibilityGlobals) = postSolution
		SolutionGuid = {D35BD50F-683F-47F6-B14D-C153B56CED0C}
	EndGlobalSection
EndGlobal
